// !$*UTF8*$!
{
	archiveVersion = 1;
	classes = {
	};
	objectVersion = 60;
	objects = {

/* Begin PBXBuildFile section */
		270DB0182C228443003DF9BF /* LocatedCountryInput.m in Sources */ = {isa = PBXBuildFile; fileRef = 270DB0172C228443003DF9BF /* LocatedCountryInput.m */; };
		270DB0192C2284B7003DF9BF /* EligibilityInputType.m in Sources */ = {isa = PBXBuildFile; fileRef = 27CA50342C1F5BB0009785B3 /* EligibilityInputType.m */; };
		270DB01A2C2284BC003DF9BF /* EligibilityInputStatus.m in Sources */ = {isa = PBXBuildFile; fileRef = 27CA50352C1F5BE0009785B3 /* EligibilityInputStatus.m */; };
		27267E3E2C28016700614B1D /* GlobalConfiguration.m in Sources */ = {isa = PBXBuildFile; fileRef = 27267E3D2C28016700614B1D /* GlobalConfiguration.m */; };
		27267E442C280D8C00614B1D /* EligibilityXPC.m in Sources */ = {isa = PBXBuildFile; fileRef = 27267E432C280D8C00614B1D /* EligibilityXPC.m */; };
		27267E482C2874E100614B1D /* SystemConfiguration.framework in Frameworks */ = {isa = PBXBuildFile; fileRef = 27267E472C2874E100614B1D /* SystemConfiguration.framework */; };
		27267E4F2C287A5E00614B1D /* InputManager.m in Sources */ = {isa = PBXBuildFile; fileRef = 27267E4E2C287A5E00614B1D /* InputManager.m */; };
		27267E542C2880FA00614B1D /* EligibilityUtils.m in Sources */ = {isa = PBXBuildFile; fileRef = 27267E532C2880FA00614B1D /* EligibilityUtils.m */; };
		27267E592C2893B800614B1D /* EligibilityDomain.m in Sources */ = {isa = PBXBuildFile; fileRef = 27267E582C2893B800614B1D /* EligibilityDomain.m */; };
		27267E5C2C2893C700614B1D /* XcodeLLMDomain.m in Sources */ = {isa = PBXBuildFile; fileRef = 27267E5B2C2893C700614B1D /* XcodeLLMDomain.m */; };
		27267E602C28948D00614B1D /* EligibilityDomainType.m in Sources */ = {isa = PBXBuildFile; fileRef = 27267E5F2C28948D00614B1D /* EligibilityDomainType.m */; };
		2730C7892C1F120B00F5D46B /* main.m in Sources */ = {isa = PBXBuildFile; fileRef = 2730C7882C1F120B00F5D46B /* main.m */; };
		2730C7912C1F127100F5D46B /* DeviceRegionCodeInput.m in Sources */ = {isa = PBXBuildFile; fileRef = 2730C7902C1F127100F5D46B /* DeviceRegionCodeInput.m */; };
		2730C7942C1F129800F5D46B /* EligibilityInput.m in Sources */ = {isa = PBXBuildFile; fileRef = 2730C7932C1F129800F5D46B /* EligibilityInput.m */; };
		2730C7972C1F150A00F5D46B /* libMobileGestalt.tbd in Frameworks */ = {isa = PBXBuildFile; fileRef = 2730C7962C1F13F700F5D46B /* libMobileGestalt.tbd */; };
		2730C79A2C1F343900F5D46B /* EligibilityLog.m in Sources */ = {isa = PBXBuildFile; fileRef = 2730C7992C1F343900F5D46B /* EligibilityLog.m */; };
		275F93902C3141910049F986 /* CountryBillingInput.m in Sources */ = {isa = PBXBuildFile; fileRef = 275F938F2C3141910049F986 /* CountryBillingInput.m */; };
		275F93932C3141A40049F986 /* DeviceClassInput.m in Sources */ = {isa = PBXBuildFile; fileRef = 275F93922C3141A40049F986 /* DeviceClassInput.m */; };
		275F93962C3141B60049F986 /* DeviceLocaleInput.m in Sources */ = {isa = PBXBuildFile; fileRef = 275F93952C3141B60049F986 /* DeviceLocaleInput.m */; };
		27AAD4622C21548D0012040E /* EligibilityAnswerSource.m in Sources */ = {isa = PBXBuildFile; fileRef = 27AAD4612C21548D0012040E /* EligibilityAnswerSource.m */; };
		27CA50232C1F4308009785B3 /* BoronAsset.m in Sources */ = {isa = PBXBuildFile; fileRef = 27CA50222C1F4308009785B3 /* BoronAsset.m */; };
		27CA50382C1F5C22009785B3 /* EligibilityAnswer.m in Sources */ = {isa = PBXBuildFile; fileRef = 27CA50372C1F5C22009785B3 /* EligibilityAnswer.m */; };
/* End PBXBuildFile section */

/* Begin PBXCopyFilesBuildPhase section */
		2730C7832C1F120B00F5D46B /* CopyFiles */ = {
			isa = PBXCopyFilesBuildPhase;
			buildActionMask = 2147483647;
			dstPath = /usr/share/man/man1/;
			dstSubfolderSpec = 0;
			files = (
			);
			runOnlyForDeploymentPostprocessing = 1;
		};
/* End PBXCopyFilesBuildPhase section */

/* Begin PBXFileReference section */
		270DB0162C228443003DF9BF /* LocatedCountryInput.h */ = {isa = PBXFileReference; lastKnownFileType = sourcecode.c.h; path = LocatedCountryInput.h; sourceTree = "<group>"; };
		270DB0172C228443003DF9BF /* LocatedCountryInput.m */ = {isa = PBXFileReference; lastKnownFileType = sourcecode.c.objc; path = LocatedCountryInput.m; sourceTree = "<group>"; };
		270DB01C2C228B5F003DF9BF /* EligibilityBase.h */ = {isa = PBXFileReference; lastKnownFileType = sourcecode.c.h; path = EligibilityBase.h; sourceTree = "<group>"; };
		27267E3B2C26CE3600614B1D /* XPCSPI.h */ = {isa = PBXFileReference; lastKnownFileType = sourcecode.c.h; path = XPCSPI.h; sourceTree = "<group>"; };
		27267E3C2C28016700614B1D /* GlobalConfiguration.h */ = {isa = PBXFileReference; lastKnownFileType = sourcecode.c.h; path = GlobalConfiguration.h; sourceTree = "<group>"; };
		27267E3D2C28016700614B1D /* GlobalConfiguration.m */ = {isa = PBXFileReference; lastKnownFileType = sourcecode.c.objc; path = GlobalConfiguration.m; sourceTree = "<group>"; };
		27267E422C280D8C00614B1D /* EligibilityXPC.h */ = {isa = PBXFileReference; lastKnownFileType = sourcecode.c.h; path = EligibilityXPC.h; sourceTree = "<group>"; };
		27267E432C280D8C00614B1D /* EligibilityXPC.m */ = {isa = PBXFileReference; lastKnownFileType = sourcecode.c.objc; path = EligibilityXPC.m; sourceTree = "<group>"; };
		27267E452C286EE800614B1D /* MobileGestalt.h */ = {isa = PBXFileReference; lastKnownFileType = sourcecode.c.h; path = MobileGestalt.h; sourceTree = "<group>"; };
		27267E462C2873E300614B1D /* os_private.h */ = {isa = PBXFileReference; lastKnownFileType = sourcecode.c.h; path = os_private.h; sourceTree = "<group>"; };
		27267E472C2874E100614B1D /* SystemConfiguration.framework */ = {isa = PBXFileReference; lastKnownFileType = wrapper.framework; name = SystemConfiguration.framework; path = System/Library/Frameworks/SystemConfiguration.framework; sourceTree = SDKROOT; };
		27267E4D2C287A5E00614B1D /* InputManager.h */ = {isa = PBXFileReference; lastKnownFileType = sourcecode.c.h; path = InputManager.h; sourceTree = "<group>"; };
		27267E4E2C287A5E00614B1D /* InputManager.m */ = {isa = PBXFileReference; lastKnownFileType = sourcecode.c.objc; path = InputManager.m; sourceTree = "<group>"; };
		27267E522C2880FA00614B1D /* EligibilityUtils.h */ = {isa = PBXFileReference; lastKnownFileType = sourcecode.c.h; path = EligibilityUtils.h; sourceTree = "<group>"; };
		27267E532C2880FA00614B1D /* EligibilityUtils.m */ = {isa = PBXFileReference; lastKnownFileType = sourcecode.c.objc; path = EligibilityUtils.m; sourceTree = "<group>"; };
		27267E572C2893B800614B1D /* EligibilityDomain.h */ = {isa = PBXFileReference; lastKnownFileType = sourcecode.c.h; path = EligibilityDomain.h; sourceTree = "<group>"; };
		27267E582C2893B800614B1D /* EligibilityDomain.m */ = {isa = PBXFileReference; lastKnownFileType = sourcecode.c.objc; path = EligibilityDomain.m; sourceTree = "<group>"; };
		27267E5A2C2893C700614B1D /* XcodeLLMDomain.h */ = {isa = PBXFileReference; lastKnownFileType = sourcecode.c.h; path = XcodeLLMDomain.h; sourceTree = "<group>"; };
		27267E5B2C2893C700614B1D /* XcodeLLMDomain.m */ = {isa = PBXFileReference; lastKnownFileType = sourcecode.c.objc; path = XcodeLLMDomain.m; sourceTree = "<group>"; };
		27267E5E2C28948D00614B1D /* EligibilityDomainType.h */ = {isa = PBXFileReference; lastKnownFileType = sourcecode.c.h; path = EligibilityDomainType.h; sourceTree = "<group>"; };
		27267E5F2C28948D00614B1D /* EligibilityDomainType.m */ = {isa = PBXFileReference; lastKnownFileType = sourcecode.c.objc; path = EligibilityDomainType.m; sourceTree = "<group>"; };
		2730C7852C1F120B00F5D46B /* eligibilityd */ = {isa = PBXFileReference; explicitFileType = "compiled.mach-o.executable"; includeInIndex = 0; path = eligibilityd; sourceTree = BUILT_PRODUCTS_DIR; };
		2730C7882C1F120B00F5D46B /* main.m */ = {isa = PBXFileReference; lastKnownFileType = sourcecode.c.objc; path = main.m; sourceTree = "<group>"; };
		2730C78F2C1F127100F5D46B /* DeviceRegionCodeInput.h */ = {isa = PBXFileReference; lastKnownFileType = sourcecode.c.h; path = DeviceRegionCodeInput.h; sourceTree = "<group>"; };
		2730C7902C1F127100F5D46B /* DeviceRegionCodeInput.m */ = {isa = PBXFileReference; lastKnownFileType = sourcecode.c.objc; path = DeviceRegionCodeInput.m; sourceTree = "<group>"; };
		2730C7922C1F129800F5D46B /* EligibilityInput.h */ = {isa = PBXFileReference; lastKnownFileType = sourcecode.c.h; path = EligibilityInput.h; sourceTree = "<group>"; };
		2730C7932C1F129800F5D46B /* EligibilityInput.m */ = {isa = PBXFileReference; lastKnownFileType = sourcecode.c.objc; path = EligibilityInput.m; sourceTree = "<group>"; };
		2730C7962C1F13F700F5D46B /* libMobileGestalt.tbd */ = {isa = PBXFileReference; lastKnownFileType = "sourcecode.text-based-dylib-definition"; name = libMobileGestalt.tbd; path = usr/lib/libMobileGestalt.tbd; sourceTree = SDKROOT; };
		2730C7982C1F343900F5D46B /* EligibilityLog.h */ = {isa = PBXFileReference; lastKnownFileType = sourcecode.c.h; path = EligibilityLog.h; sourceTree = "<group>"; };
		2730C7992C1F343900F5D46B /* EligibilityLog.m */ = {isa = PBXFileReference; lastKnownFileType = sourcecode.c.objc; path = EligibilityLog.m; sourceTree = "<group>"; };
		275F938E2C3141910049F986 /* CountryBillingInput.h */ = {isa = PBXFileReference; lastKnownFileType = sourcecode.c.h; path = CountryBillingInput.h; sourceTree = "<group>"; };
		275F938F2C3141910049F986 /* CountryBillingInput.m */ = {isa = PBXFileReference; lastKnownFileType = sourcecode.c.objc; path = CountryBillingInput.m; sourceTree = "<group>"; };
		275F93912C3141A40049F986 /* DeviceClassInput.h */ = {isa = PBXFileReference; lastKnownFileType = sourcecode.c.h; path = DeviceClassInput.h; sourceTree = "<group>"; };
		275F93922C3141A40049F986 /* DeviceClassInput.m */ = {isa = PBXFileReference; lastKnownFileType = sourcecode.c.objc; path = DeviceClassInput.m; sourceTree = "<group>"; };
		275F93942C3141B60049F986 /* DeviceLocaleInput.h */ = {isa = PBXFileReference; lastKnownFileType = sourcecode.c.h; path = DeviceLocaleInput.h; sourceTree = "<group>"; };
		275F93952C3141B60049F986 /* DeviceLocaleInput.m */ = {isa = PBXFileReference; lastKnownFileType = sourcecode.c.objc; path = DeviceLocaleInput.m; sourceTree = "<group>"; };
		27A770762C2436E1002E7A1D /* README.md */ = {isa = PBXFileReference; fileEncoding = 4; lastKnownFileType = net.daringfireball.markdown; path = README.md; sourceTree = "<group>"; };
		27A770772C243734002E7A1D /* eligibilityd.entitlements */ = {isa = PBXFileReference; lastKnownFileType = text.plist.entitlements; path = eligibilityd.entitlements; sourceTree = "<group>"; };
		27AAD4602C21548D0012040E /* EligibilityAnswerSource.h */ = {isa = PBXFileReference; lastKnownFileType = sourcecode.c.h; path = EligibilityAnswerSource.h; sourceTree = "<group>"; };
		27AAD4612C21548D0012040E /* EligibilityAnswerSource.m */ = {isa = PBXFileReference; lastKnownFileType = sourcecode.c.objc; path = EligibilityAnswerSource.m; sourceTree = "<group>"; };
		27CA50212C1F4308009785B3 /* BoronAsset.h */ = {isa = PBXFileReference; lastKnownFileType = sourcecode.c.h; path = BoronAsset.h; sourceTree = "<group>"; };
		27CA50222C1F4308009785B3 /* BoronAsset.m */ = {isa = PBXFileReference; lastKnownFileType = sourcecode.c.objc; path = BoronAsset.m; sourceTree = "<group>"; };
		27CA50242C1F4FE6009785B3 /* EligibilityInputType.h */ = {isa = PBXFileReference; lastKnownFileType = sourcecode.c.h; path = EligibilityInputType.h; sourceTree = "<group>"; };
		27CA50252C1F508D009785B3 /* EligibilityInputStatus.h */ = {isa = PBXFileReference; lastKnownFileType = sourcecode.c.h; path = EligibilityInputStatus.h; sourceTree = "<group>"; };
		27CA50342C1F5BB0009785B3 /* EligibilityInputType.m */ = {isa = PBXFileReference; lastKnownFileType = sourcecode.c.objc; path = EligibilityInputType.m; sourceTree = "<group>"; };
		27CA50352C1F5BE0009785B3 /* EligibilityInputStatus.m */ = {isa = PBXFileReference; lastKnownFileType = sourcecode.c.objc; path = EligibilityInputStatus.m; sourceTree = "<group>"; };
		27CA50362C1F5C22009785B3 /* EligibilityAnswer.h */ = {isa = PBXFileReference; lastKnownFileType = sourcecode.c.h; path = EligibilityAnswer.h; sourceTree = "<group>"; };
		27CA50372C1F5C22009785B3 /* EligibilityAnswer.m */ = {isa = PBXFileReference; lastKnownFileType = sourcecode.c.objc; path = EligibilityAnswer.m; sourceTree = "<group>"; };
/* End PBXFileReference section */

/* Begin PBXFrameworksBuildPhase section */
		2730C7822C1F120B00F5D46B /* Frameworks */ = {
			isa = PBXFrameworksBuildPhase;
			buildActionMask = 2147483647;
			files = (
				27267E482C2874E100614B1D /* SystemConfiguration.framework in Frameworks */,
				2730C7972C1F150A00F5D46B /* libMobileGestalt.tbd in Frameworks */,
			);
			runOnlyForDeploymentPostprocessing = 0;
		};
/* End PBXFrameworksBuildPhase section */

/* Begin PBXGroup section */
		270DB0142C22841D003DF9BF /* Model */ = {
			isa = PBXGroup;
			children = (
				27CA50242C1F4FE6009785B3 /* EligibilityInputType.h */,
				27CA50342C1F5BB0009785B3 /* EligibilityInputType.m */,
				27CA50252C1F508D009785B3 /* EligibilityInputStatus.h */,
				27CA50352C1F5BE0009785B3 /* EligibilityInputStatus.m */,
			);
			path = Model;
			sourceTree = "<group>";
		};
		270DB0152C228430003DF9BF /* Inputs */ = {
			isa = PBXGroup;
			children = (
				2730C7922C1F129800F5D46B /* EligibilityInput.h */,
				2730C7932C1F129800F5D46B /* EligibilityInput.m */,
				270DB0162C228443003DF9BF /* LocatedCountryInput.h */,
				270DB0172C228443003DF9BF /* LocatedCountryInput.m */,
				275F938E2C3141910049F986 /* CountryBillingInput.h */,
				275F938F2C3141910049F986 /* CountryBillingInput.m */,
				275F93912C3141A40049F986 /* DeviceClassInput.h */,
				275F93922C3141A40049F986 /* DeviceClassInput.m */,
				275F93942C3141B60049F986 /* DeviceLocaleInput.h */,
				275F93952C3141B60049F986 /* DeviceLocaleInput.m */,
				2730C78F2C1F127100F5D46B /* DeviceRegionCodeInput.h */,
				2730C7902C1F127100F5D46B /* DeviceRegionCodeInput.m */,
			);
			path = Inputs;
			sourceTree = "<group>";
		};
		27267E4A2C2879F700614B1D /* XPC */ = {
			isa = PBXGroup;
			children = (
				27267E422C280D8C00614B1D /* EligibilityXPC.h */,
				27267E432C280D8C00614B1D /* EligibilityXPC.m */,
			);
			path = XPC;
			sourceTree = "<group>";
		};
		27267E4B2C287A0000614B1D /* Log */ = {
			isa = PBXGroup;
			children = (
				2730C7982C1F343900F5D46B /* EligibilityLog.h */,
				2730C7992C1F343900F5D46B /* EligibilityLog.m */,
			);
			path = Log;
			sourceTree = "<group>";
		};
		27267E4C2C287A0600614B1D /* Configuration */ = {
			isa = PBXGroup;
			children = (
				27267E3C2C28016700614B1D /* GlobalConfiguration.h */,
				27267E3D2C28016700614B1D /* GlobalConfiguration.m */,
			);
			path = Configuration;
			sourceTree = "<group>";
		};
		27267E502C287A6F00614B1D /* Manager */ = {
			isa = PBXGroup;
			children = (
				27267E4D2C287A5E00614B1D /* InputManager.h */,
				27267E4E2C287A5E00614B1D /* InputManager.m */,
			);
			path = Manager;
			sourceTree = "<group>";
		};
		27267E512C2880E600614B1D /* Utils */ = {
			isa = PBXGroup;
			children = (
				27267E522C2880FA00614B1D /* EligibilityUtils.h */,
				27267E532C2880FA00614B1D /* EligibilityUtils.m */,
			);
			path = Utils;
			sourceTree = "<group>";
		};
		27267E552C28938B00614B1D /* Domains */ = {
			isa = PBXGroup;
			children = (
				27267E572C2893B800614B1D /* EligibilityDomain.h */,
				27267E582C2893B800614B1D /* EligibilityDomain.m */,
				27267E5A2C2893C700614B1D /* XcodeLLMDomain.h */,
				27267E5B2C2893C700614B1D /* XcodeLLMDomain.m */,
			);
			path = Domains;
			sourceTree = "<group>";
		};
		27267E562C28939E00614B1D /* Domain */ = {
			isa = PBXGroup;
			children = (
				27267E5D2C28945200614B1D /* Model */,
				27267E552C28938B00614B1D /* Domains */,
			);
			path = Domain;
			sourceTree = "<group>";
		};
		27267E5D2C28945200614B1D /* Model */ = {
			isa = PBXGroup;
			children = (
				27CA50202C1F42F9009785B3 /* Answer */,
				27267E5E2C28948D00614B1D /* EligibilityDomainType.h */,
				27267E5F2C28948D00614B1D /* EligibilityDomainType.m */,
			);
			path = Model;
			sourceTree = "<group>";
		};
		272EB8772C2466A900C5B1DC /* spi */ = {
			isa = PBXGroup;
			children = (
				27267E462C2873E300614B1D /* os_private.h */,
				27267E3B2C26CE3600614B1D /* XPCSPI.h */,
				27267E452C286EE800614B1D /* MobileGestalt.h */,
			);
			path = spi;
			sourceTree = "<group>";
		};
		2730C77C2C1F120B00F5D46B = {
			isa = PBXGroup;
			children = (
				27A770762C2436E1002E7A1D /* README.md */,
				272EB8772C2466A900C5B1DC /* spi */,
				2730C7872C1F120B00F5D46B /* eligibilityd */,
				2730C7862C1F120B00F5D46B /* Products */,
				2730C7952C1F13F700F5D46B /* Frameworks */,
			);
			sourceTree = "<group>";
		};
		2730C7862C1F120B00F5D46B /* Products */ = {
			isa = PBXGroup;
			children = (
				2730C7852C1F120B00F5D46B /* eligibilityd */,
			);
			name = Products;
			sourceTree = "<group>";
		};
		2730C7872C1F120B00F5D46B /* eligibilityd */ = {
			isa = PBXGroup;
			children = (
				27A770772C243734002E7A1D /* eligibilityd.entitlements */,
				270DB01C2C228B5F003DF9BF /* EligibilityBase.h */,
				2730C7882C1F120B00F5D46B /* main.m */,
				2799A6EC2C2160FD00312655 /* Asset */,
				2799A6EB2C2160F400312655 /* Input */,
				27267E562C28939E00614B1D /* Domain */,
				27267E4B2C287A0000614B1D /* Log */,
				27267E4C2C287A0600614B1D /* Configuration */,
				27267E4A2C2879F700614B1D /* XPC */,
				27267E512C2880E600614B1D /* Utils */,
			);
			path = eligibilityd;
			sourceTree = "<group>";
		};
		2730C7952C1F13F700F5D46B /* Frameworks */ = {
			isa = PBXGroup;
			children = (
				27267E472C2874E100614B1D /* SystemConfiguration.framework */,
				2730C7962C1F13F700F5D46B /* libMobileGestalt.tbd */,
			);
			name = Frameworks;
			sourceTree = "<group>";
		};
		2799A6EB2C2160F400312655 /* Input */ = {
			isa = PBXGroup;
			children = (
				270DB0142C22841D003DF9BF /* Model */,
				270DB0152C228430003DF9BF /* Inputs */,
				27267E502C287A6F00614B1D /* Manager */,
			);
			path = Input;
			sourceTree = "<group>";
		};
		2799A6EC2C2160FD00312655 /* Asset */ = {
			isa = PBXGroup;
			children = (
				27CA50212C1F4308009785B3 /* BoronAsset.h */,
				27CA50222C1F4308009785B3 /* BoronAsset.m */,
			);
			path = Asset;
			sourceTree = "<group>";
		};
		27CA50202C1F42F9009785B3 /* Answer */ = {
			isa = PBXGroup;
			children = (
				27CA50362C1F5C22009785B3 /* EligibilityAnswer.h */,
				27CA50372C1F5C22009785B3 /* EligibilityAnswer.m */,
				27AAD4602C21548D0012040E /* EligibilityAnswerSource.h */,
				27AAD4612C21548D0012040E /* EligibilityAnswerSource.m */,
			);
			path = Answer;
			sourceTree = "<group>";
		};
/* End PBXGroup section */

/* Begin PBXNativeTarget section */
		2730C7842C1F120B00F5D46B /* eligibilityd */ = {
			isa = PBXNativeTarget;
			buildConfigurationList = 2730C78C2C1F120B00F5D46B /* Build configuration list for PBXNativeTarget "eligibilityd" */;
			buildPhases = (
				2730C7812C1F120B00F5D46B /* Sources */,
				2730C7822C1F120B00F5D46B /* Frameworks */,
				2730C7832C1F120B00F5D46B /* CopyFiles */,
			);
			buildRules = (
			);
			dependencies = (
			);
			name = eligibilityd;
			productName = eligibilityd;
			productReference = 2730C7852C1F120B00F5D46B /* eligibilityd */;
			productType = "com.apple.product-type.tool";
		};
/* End PBXNativeTarget section */

/* Begin PBXProject section */
		2730C77D2C1F120B00F5D46B /* Project object */ = {
			isa = PBXProject;
			attributes = {
				BuildIndependentTargetsInParallel = 1;
				LastUpgradeCheck = 1600;
				TargetAttributes = {
					2730C7842C1F120B00F5D46B = {
						CreatedOnToolsVersion = 16.0;
					};
				};
			};
			buildConfigurationList = 2730C7802C1F120B00F5D46B /* Build configuration list for PBXProject "eligibilityd" */;
			compatibilityVersion = "Xcode 15.0";
			developmentRegion = en;
			hasScannedForEncodings = 0;
			knownRegions = (
				en,
				Base,
			);
			mainGroup = 2730C77C2C1F120B00F5D46B;
			productRefGroup = 2730C7862C1F120B00F5D46B /* Products */;
			projectDirPath = "";
			projectRoot = "";
			targets = (
				2730C7842C1F120B00F5D46B /* eligibilityd */,
			);
		};
/* End PBXProject section */

/* Begin PBXSourcesBuildPhase section */
		2730C7812C1F120B00F5D46B /* Sources */ = {
			isa = PBXSourcesBuildPhase;
			buildActionMask = 2147483647;
			files = (
				270DB0192C2284B7003DF9BF /* EligibilityInputType.m in Sources */,
				27267E3E2C28016700614B1D /* GlobalConfiguration.m in Sources */,
				27267E602C28948D00614B1D /* EligibilityDomainType.m in Sources */,
				275F93902C3141910049F986 /* CountryBillingInput.m in Sources */,
				2730C7892C1F120B00F5D46B /* main.m in Sources */,
				27AAD4622C21548D0012040E /* EligibilityAnswerSource.m in Sources */,
				270DB01A2C2284BC003DF9BF /* EligibilityInputStatus.m in Sources */,
				27267E442C280D8C00614B1D /* EligibilityXPC.m in Sources */,
				2730C7942C1F129800F5D46B /* EligibilityInput.m in Sources */,
				27CA50232C1F4308009785B3 /* BoronAsset.m in Sources */,
				270DB0182C228443003DF9BF /* LocatedCountryInput.m in Sources */,
				27CA50382C1F5C22009785B3 /* EligibilityAnswer.m in Sources */,
				27267E4F2C287A5E00614B1D /* InputManager.m in Sources */,
				27267E5C2C2893C700614B1D /* XcodeLLMDomain.m in Sources */,
				27267E542C2880FA00614B1D /* EligibilityUtils.m in Sources */,
				2730C79A2C1F343900F5D46B /* EligibilityLog.m in Sources */,
				27267E592C2893B800614B1D /* EligibilityDomain.m in Sources */,
				2730C7912C1F127100F5D46B /* DeviceRegionCodeInput.m in Sources */,
				275F93962C3141B60049F986 /* DeviceLocaleInput.m in Sources */,
				275F93932C3141A40049F986 /* DeviceClassInput.m in Sources */,
			);
			runOnlyForDeploymentPostprocessing = 0;
		};
/* End PBXSourcesBuildPhase section */

/* Begin XCBuildConfiguration section */
		2730C78A2C1F120B00F5D46B /* Debug */ = {
			isa = XCBuildConfiguration;
			buildSettings = {
				ALWAYS_SEARCH_USER_PATHS = NO;
				ASSETCATALOG_COMPILER_GENERATE_SWIFT_ASSET_SYMBOL_EXTENSIONS = YES;
				CLANG_ANALYZER_NONNULL = YES;
				CLANG_ANALYZER_NUMBER_OBJECT_CONVERSION = YES_AGGRESSIVE;
				CLANG_CXX_LANGUAGE_STANDARD = "gnu++20";
				CLANG_ENABLE_MODULES = YES;
				CLANG_ENABLE_OBJC_ARC = YES;
				CLANG_ENABLE_OBJC_WEAK = YES;
				CLANG_WARN_BLOCK_CAPTURE_AUTORELEASING = YES;
				CLANG_WARN_BOOL_CONVERSION = YES;
				CLANG_WARN_COMMA = YES;
				CLANG_WARN_CONSTANT_CONVERSION = YES;
				CLANG_WARN_DEPRECATED_OBJC_IMPLEMENTATIONS = YES;
				CLANG_WARN_DIRECT_OBJC_ISA_USAGE = YES_ERROR;
				CLANG_WARN_DOCUMENTATION_COMMENTS = YES;
				CLANG_WARN_EMPTY_BODY = YES;
				CLANG_WARN_ENUM_CONVERSION = YES;
				CLANG_WARN_INFINITE_RECURSION = YES;
				CLANG_WARN_INT_CONVERSION = YES;
				CLANG_WARN_NON_LITERAL_NULL_CONVERSION = YES;
				CLANG_WARN_OBJC_IMPLICIT_RETAIN_SELF = YES;
				CLANG_WARN_OBJC_LITERAL_CONVERSION = YES;
				CLANG_WARN_OBJC_ROOT_CLASS = YES_ERROR;
				CLANG_WARN_QUOTED_INCLUDE_IN_FRAMEWORK_HEADER = YES;
				CLANG_WARN_RANGE_LOOP_ANALYSIS = YES;
				CLANG_WARN_STRICT_PROTOTYPES = YES;
				CLANG_WARN_SUSPICIOUS_MOVE = YES;
				CLANG_WARN_UNGUARDED_AVAILABILITY = YES_AGGRESSIVE;
				CLANG_WARN_UNREACHABLE_CODE = YES;
				CLANG_WARN__DUPLICATE_METHOD_MATCH = YES;
				COPY_PHASE_STRIP = NO;
				DEAD_CODE_STRIPPING = YES;
				DEBUG_INFORMATION_FORMAT = dwarf;
				ENABLE_STRICT_OBJC_MSGSEND = YES;
				ENABLE_TESTABILITY = YES;
				ENABLE_USER_SCRIPT_SANDBOXING = YES;
				GCC_C_LANGUAGE_STANDARD = gnu17;
				GCC_DYNAMIC_NO_PIC = NO;
				GCC_NO_COMMON_BLOCKS = YES;
				GCC_OPTIMIZATION_LEVEL = 0;
				GCC_PREPROCESSOR_DEFINITIONS = (
					"DEBUG=1",
					"$(inherited)",
				);
				GCC_WARN_64_TO_32_BIT_CONVERSION = YES;
				GCC_WARN_ABOUT_RETURN_TYPE = YES_ERROR;
				GCC_WARN_UNDECLARED_SELECTOR = YES;
				GCC_WARN_UNINITIALIZED_AUTOS = YES_AGGRESSIVE;
				GCC_WARN_UNUSED_FUNCTION = YES;
				GCC_WARN_UNUSED_VARIABLE = YES;
				LOCALIZATION_PREFERS_STRING_CATALOGS = YES;
				MACOSX_DEPLOYMENT_TARGET = 14.0;
				MTL_ENABLE_DEBUG_INFO = INCLUDE_SOURCE;
				MTL_FAST_MATH = YES;
				ONLY_ACTIVE_ARCH = YES;
				SDKROOT = macosx;
			};
			name = Debug;
		};
		2730C78B2C1F120B00F5D46B /* Release */ = {
			isa = XCBuildConfiguration;
			buildSettings = {
				ALWAYS_SEARCH_USER_PATHS = NO;
				ASSETCATALOG_COMPILER_GENERATE_SWIFT_ASSET_SYMBOL_EXTENSIONS = YES;
				CLANG_ANALYZER_NONNULL = YES;
				CLANG_ANALYZER_NUMBER_OBJECT_CONVERSION = YES_AGGRESSIVE;
				CLANG_CXX_LANGUAGE_STANDARD = "gnu++20";
				CLANG_ENABLE_MODULES = YES;
				CLANG_ENABLE_OBJC_ARC = YES;
				CLANG_ENABLE_OBJC_WEAK = YES;
				CLANG_WARN_BLOCK_CAPTURE_AUTORELEASING = YES;
				CLANG_WARN_BOOL_CONVERSION = YES;
				CLANG_WARN_COMMA = YES;
				CLANG_WARN_CONSTANT_CONVERSION = YES;
				CLANG_WARN_DEPRECATED_OBJC_IMPLEMENTATIONS = YES;
				CLANG_WARN_DIRECT_OBJC_ISA_USAGE = YES_ERROR;
				CLANG_WARN_DOCUMENTATION_COMMENTS = YES;
				CLANG_WARN_EMPTY_BODY = YES;
				CLANG_WARN_ENUM_CONVERSION = YES;
				CLANG_WARN_INFINITE_RECURSION = YES;
				CLANG_WARN_INT_CONVERSION = YES;
				CLANG_WARN_NON_LITERAL_NULL_CONVERSION = YES;
				CLANG_WARN_OBJC_IMPLICIT_RETAIN_SELF = YES;
				CLANG_WARN_OBJC_LITERAL_CONVERSION = YES;
				CLANG_WARN_OBJC_ROOT_CLASS = YES_ERROR;
				CLANG_WARN_QUOTED_INCLUDE_IN_FRAMEWORK_HEADER = YES;
				CLANG_WARN_RANGE_LOOP_ANALYSIS = YES;
				CLANG_WARN_STRICT_PROTOTYPES = YES;
				CLANG_WARN_SUSPICIOUS_MOVE = YES;
				CLANG_WARN_UNGUARDED_AVAILABILITY = YES_AGGRESSIVE;
				CLANG_WARN_UNREACHABLE_CODE = YES;
				CLANG_WARN__DUPLICATE_METHOD_MATCH = YES;
				COPY_PHASE_STRIP = NO;
				DEAD_CODE_STRIPPING = YES;
				DEBUG_INFORMATION_FORMAT = "dwarf-with-dsym";
				ENABLE_NS_ASSERTIONS = NO;
				ENABLE_STRICT_OBJC_MSGSEND = YES;
				ENABLE_USER_SCRIPT_SANDBOXING = YES;
				GCC_C_LANGUAGE_STANDARD = gnu17;
				GCC_NO_COMMON_BLOCKS = YES;
				GCC_WARN_64_TO_32_BIT_CONVERSION = YES;
				GCC_WARN_ABOUT_RETURN_TYPE = YES_ERROR;
				GCC_WARN_UNDECLARED_SELECTOR = YES;
				GCC_WARN_UNINITIALIZED_AUTOS = YES_AGGRESSIVE;
				GCC_WARN_UNUSED_FUNCTION = YES;
				GCC_WARN_UNUSED_VARIABLE = YES;
				LOCALIZATION_PREFERS_STRING_CATALOGS = YES;
				MACOSX_DEPLOYMENT_TARGET = 14.0;
				MTL_ENABLE_DEBUG_INFO = NO;
				MTL_FAST_MATH = YES;
				SDKROOT = macosx;
			};
			name = Release;
		};
		2730C78D2C1F120B00F5D46B /* Debug */ = {
			isa = XCBuildConfiguration;
			buildSettings = {
				CODE_SIGN_ENTITLEMENTS = eligibilityd/eligibilityd.entitlements;
				CODE_SIGN_STYLE = Automatic;
				DEAD_CODE_STRIPPING = YES;
				ENABLE_HARDENED_RUNTIME = YES;
				PRODUCT_NAME = "$(TARGET_NAME)";
			};
			name = Debug;
		};
		2730C78E2C1F120B00F5D46B /* Release */ = {
			isa = XCBuildConfiguration;
			buildSettings = {
				CODE_SIGN_ENTITLEMENTS = eligibilityd/eligibilityd.entitlements;
				CODE_SIGN_STYLE = Automatic;
				DEAD_CODE_STRIPPING = YES;
				ENABLE_HARDENED_RUNTIME = YES;
				PRODUCT_NAME = "$(TARGET_NAME)";
			};
			name = Release;
		};
/* End XCBuildConfiguration section */

/* Begin XCConfigurationList section */
		2730C7802C1F120B00F5D46B /* Build configuration list for PBXProject "eligibilityd" */ = {
			isa = XCConfigurationList;
			buildConfigurations = (
				2730C78A2C1F120B00F5D46B /* Debug */,
				2730C78B2C1F120B00F5D46B /* Release */,
			);
			defaultConfigurationIsVisible = 0;
			defaultConfigurationName = Release;
		};
		2730C78C2C1F120B00F5D46B /* Build configuration list for PBXNativeTarget "eligibilityd" */ = {
			isa = XCConfigurationList;
			buildConfigurations = (
				2730C78D2C1F120B00F5D46B /* Debug */,
				2730C78E2C1F120B00F5D46B /* Release */,
			);
			defaultConfigurationIsVisible = 0;
			defaultConfigurationName = Release;
		};
/* End XCConfigurationList section */
	};
	rootObject = 2730C77D2C1F120B00F5D46B /* Project object */;
}
