// !$*UTF8*$!
{
	archiveVersion = 1;
	classes = {
	};
	objectVersion = 73;
	objects = {

/* Begin PBXBuildFile section */
		27267E482C2874E100614B1D /* SystemConfiguration.framework in Frameworks */ = {isa = PBXBuildFile; fileRef = 27267E472C2874E100614B1D /* SystemConfiguration.framework */; };
		2730C7972C1F150A00F5D46B /* libMobileGestalt.tbd in Frameworks */ = {isa = PBXBuildFile; fileRef = 2730C7962C1F13F700F5D46B /* libMobileGestalt.tbd */; };
		275F93AB2C31E3170049F986 /* libsystem_containermanager.tbd in Frameworks */ = {isa = PBXBuildFile; fileRef = 275F93AA2C31E30D0049F986 /* libsystem_containermanager.tbd */; };
/* End PBXBuildFile section */

/* Begin PBXCopyFilesBuildPhase section */
		2730C7832C1F120B00F5D46B /* CopyFiles */ = {
			isa = PBXCopyFilesBuildPhase;
			buildActionMask = 2147483647;
			dstPath = /usr/share/man/man1/;
			dstSubfolderSpec = 0;
			files = (
			);
			runOnlyForDeploymentPostprocessing = 1;
		};
/* End PBXCopyFilesBuildPhase section */

/* Begin PBXFileReference section */
		27267E472C2874E100614B1D /* SystemConfiguration.framework */ = {isa = PBXFileReference; lastKnownFileType = wrapper.framework; name = SystemConfiguration.framework; path = System/Library/Frameworks/SystemConfiguration.framework; sourceTree = SDKROOT; };
		2730C7852C1F120B00F5D46B /* eligibilityd */ = {isa = PBXFileReference; explicitFileType = "compiled.mach-o.executable"; includeInIndex = 0; path = eligibilityd; sourceTree = BUILT_PRODUCTS_DIR; };
		2730C7962C1F13F700F5D46B /* libMobileGestalt.tbd */ = {isa = PBXFileReference; lastKnownFileType = "sourcecode.text-based-dylib-definition"; name = libMobileGestalt.tbd; path = usr/lib/libMobileGestalt.tbd; sourceTree = SDKROOT; };
		275F93AA2C31E30D0049F986 /* libsystem_containermanager.tbd */ = {isa = PBXFileReference; lastKnownFileType = "sourcecode.text-based-dylib-definition"; name = libsystem_containermanager.tbd; path = usr/lib/system/libsystem_containermanager.tbd; sourceTree = SDKROOT; };
		276F6D2D2C34537E00748E4D /* libsystem_eligibility.dylib */ = {isa = PBXFileReference; explicitFileType = "compiled.mach-o.dylib"; includeInIndex = 0; path = libsystem_eligibility.dylib; sourceTree = BUILT_PRODUCTS_DIR; };
		27EC6A4D2C345EC500F76D70 /* README.md */ = {isa = PBXFileReference; lastKnownFileType = net.daringfireball.markdown; path = README.md; sourceTree = "<group>"; };
/* End PBXFileReference section */

/* Begin PBXFileSystemSynchronizedBuildFileExceptionSet section */
		27EC6AEA2C3468E200F76D70 /* PBXFileSystemSynchronizedBuildFileExceptionSet */ = {
			isa = PBXFileSystemSynchronizedBuildFileExceptionSet;
			membershipExceptions = (
				Asset/BoronAsset.m,
				Configuration/GlobalConfiguration.m,
				Domain/Domains/EligibilityDomain.m,
				Domain/Domains/TestDomain.m,
				Domain/Domains/XcodeLLMDomain.m,
				Domain/EligibilityTimer.m,
				Domain/Model/Answer/EligibilityAnswerHelper.m,
				Domain/Model/Answer/EligibilityAnswerSourceHelper.m,
				Domain/Model/EligibilityDomainTypeHelper.m,
				Engine/EligibilityEngine.m,
				Input/Inputs/ChinaCellularInput.m,
				Input/Inputs/CountryBillingInput.m,
				Input/Inputs/DeviceClassInput.m,
				Input/Inputs/DeviceLanguageInput.m,
				Input/Inputs/DeviceLocaleInput.m,
				Input/Inputs/DeviceRegionCodeInput.m,
				Input/Inputs/EligibilityInput.m,
				Input/Inputs/GenerativeModelSystemInput.m,
				Input/Inputs/GreymatterQueueInput.m,
				Input/Inputs/LocatedCountryInput.m,
				Input/Inputs/SiriLanguageInput.m,
				Input/Manager/InputManager.m,
				Input/Model/EligibilityInputStatusHelper.m,
				Input/Model/EligibilityInputTypeHelper.m,
				Log/EligibilityLog.m,
				main.m,
				Override/EligibilityOverride.m,
				Override/EligibilityOverrideData.m,
				Utils/EligibilityUtils.m,
			);
			target = 2730C7842C1F120B00F5D46B /* eligibilityd */;
		};
/* End PBXFileSystemSynchronizedBuildFileExceptionSet section */

/* Begin PBXFileSystemSynchronizedGroupBuildPhaseMembershipExceptionSet section */
		27EC6A7C2C3468DD00F76D70 /* PBXFileSystemSynchronizedGroupBuildPhaseMembershipExceptionSet */ = {
			isa = PBXFileSystemSynchronizedGroupBuildPhaseMembershipExceptionSet;
			buildPhase = 276F6D292C34537E00748E4D /* Headers */;
			membershipExceptions = (
				eligibility_xpc.c,
			);
		};
/* End PBXFileSystemSynchronizedGroupBuildPhaseMembershipExceptionSet section */

/* Begin PBXFileSystemSynchronizedRootGroup section */
		27EC6A6B2C34627B00F76D70 /* EligibilityCore */ = {isa = PBXFileSystemSynchronizedRootGroup; explicitFileTypes = {}; explicitFolders = (); path = EligibilityCore; sourceTree = "<group>"; };
		27EC6A752C3468DD00F76D70 /* system_eligibility */ = {isa = PBXFileSystemSynchronizedRootGroup; exceptions = (27EC6A7C2C3468DD00F76D70 /* PBXFileSystemSynchronizedGroupBuildPhaseMembershipExceptionSet */, ); explicitFileTypes = {}; explicitFolders = (); path = system_eligibility; sourceTree = "<group>"; };
		27EC6ACC2C3468E200F76D70 /* eligibilityd */ = {isa = PBXFileSystemSynchronizedRootGroup; exceptions = (27EC6AEA2C3468E200F76D70 /* PBXFileSystemSynchronizedBuildFileExceptionSet */, ); explicitFileTypes = {}; explicitFolders = (); path = eligibilityd; sourceTree = "<group>"; };
/* End PBXFileSystemSynchronizedRootGroup section */

/* Begin PBXFrameworksBuildPhase section */
		2730C7822C1F120B00F5D46B /* Frameworks */ = {
			isa = PBXFrameworksBuildPhase;
			buildActionMask = 2147483647;
			files = (
				275F93AB2C31E3170049F986 /* libsystem_containermanager.tbd in Frameworks */,
				27267E482C2874E100614B1D /* SystemConfiguration.framework in Frameworks */,
				2730C7972C1F150A00F5D46B /* libMobileGestalt.tbd in Frameworks */,
			);
			runOnlyForDeploymentPostprocessing = 0;
		};
		276F6D2B2C34537E00748E4D /* Frameworks */ = {
			isa = PBXFrameworksBuildPhase;
			buildActionMask = 2147483647;
			files = (
			);
			runOnlyForDeploymentPostprocessing = 0;
		};
/* End PBXFrameworksBuildPhase section */

/* Begin PBXGroup section */
		2730C77C2C1F120B00F5D46B = {
			isa = PBXGroup;
			children = (
				27EC6A4D2C345EC500F76D70 /* README.md */,
				27EC6A6B2C34627B00F76D70 /* EligibilityCore */,
				27EC6ACC2C3468E200F76D70 /* eligibilityd */,
				27EC6A752C3468DD00F76D70 /* system_eligibility */,
				2730C7862C1F120B00F5D46B /* Products */,
				2730C7952C1F13F700F5D46B /* Frameworks */,
			);
			sourceTree = "<group>";
		};
		2730C7862C1F120B00F5D46B /* Products */ = {
			isa = PBXGroup;
			children = (
				2730C7852C1F120B00F5D46B /* eligibilityd */,
				276F6D2D2C34537E00748E4D /* libsystem_eligibility.dylib */,
			);
			name = Products;
			sourceTree = "<group>";
		};
		2730C7952C1F13F700F5D46B /* Frameworks */ = {
			isa = PBXGroup;
			children = (
				275F93AA2C31E30D0049F986 /* libsystem_containermanager.tbd */,
				27267E472C2874E100614B1D /* SystemConfiguration.framework */,
				2730C7962C1F13F700F5D46B /* libMobileGestalt.tbd */,
			);
			name = Frameworks;
			sourceTree = "<group>";
		};
/* End PBXGroup section */

/* Begin PBXHeadersBuildPhase section */
		276F6D292C34537E00748E4D /* Headers */ = {
			isa = PBXHeadersBuildPhase;
			buildActionMask = 2147483647;
			files = (
			);
			runOnlyForDeploymentPostprocessing = 0;
		};
/* End PBXHeadersBuildPhase section */

/* Begin PBXNativeTarget section */
		2730C7842C1F120B00F5D46B /* eligibilityd */ = {
			isa = PBXNativeTarget;
			buildConfigurationList = 2730C78C2C1F120B00F5D46B /* Build configuration list for PBXNativeTarget "eligibilityd" */;
			buildPhases = (
				2730C7812C1F120B00F5D46B /* Sources */,
				2730C7822C1F120B00F5D46B /* Frameworks */,
				2730C7832C1F120B00F5D46B /* CopyFiles */,
			);
			buildRules = (
			);
			dependencies = (
			);
			name = eligibilityd;
			packageProductDependencies = (
			);
			productName = eligibilityd;
			productReference = 2730C7852C1F120B00F5D46B /* eligibilityd */;
			productType = "com.apple.product-type.tool";
		};
		276F6D2C2C34537E00748E4D /* system_eligibility */ = {
			isa = PBXNativeTarget;
			buildConfigurationList = 276F6D332C34537E00748E4D /* Build configuration list for PBXNativeTarget "system_eligibility" */;
			buildPhases = (
				276F6D292C34537E00748E4D /* Headers */,
				276F6D2A2C34537E00748E4D /* Sources */,
				276F6D2B2C34537E00748E4D /* Frameworks */,
			);
			buildRules = (
			);
			dependencies = (
			);
			fileSystemSynchronizedGroups = (
				27EC6A752C3468DD00F76D70 /* system_eligibility */,
			);
			name = system_eligibility;
			packageProductDependencies = (
			);
			productName = eligibility;
			productReference = 276F6D2D2C34537E00748E4D /* libsystem_eligibility.dylib */;
			productType = "com.apple.product-type.library.dynamic";
		};
/* End PBXNativeTarget section */

/* Begin PBXProject section */
		2730C77D2C1F120B00F5D46B /* Project object */ = {
			isa = PBXProject;
			attributes = {
				BuildIndependentTargetsInParallel = 1;
				LastUpgradeCheck = 1600;
				TargetAttributes = {
					2730C7842C1F120B00F5D46B = {
						CreatedOnToolsVersion = 16.0;
					};
					276F6D2C2C34537E00748E4D = {
						CreatedOnToolsVersion = 16.0;
					};
				};
			};
			buildConfigurationList = 2730C7802C1F120B00F5D46B /* Build configuration list for PBXProject "eligibility" */;
			developmentRegion = en;
			hasScannedForEncodings = 0;
			knownRegions = (
				en,
				Base,
			);
			mainGroup = 2730C77C2C1F120B00F5D46B;
			preferredProjectObjectVersion = 73;
			productRefGroup = 2730C7862C1F120B00F5D46B /* Products */;
			projectDirPath = "";
			projectRoot = "";
			targets = (
				2730C7842C1F120B00F5D46B /* eligibilityd */,
				276F6D2C2C34537E00748E4D /* system_eligibility */,
			);
		};
/* End PBXProject section */

/* Begin PBXSourcesBuildPhase section */
		2730C7812C1F120B00F5D46B /* Sources */ = {
			isa = PBXSourcesBuildPhase;
			buildActionMask = 2147483647;
			files = (
			);
			runOnlyForDeploymentPostprocessing = 0;
		};
		276F6D2A2C34537E00748E4D /* Sources */ = {
			isa = PBXSourcesBuildPhase;
			buildActionMask = 2147483647;
			files = (
			);
			runOnlyForDeploymentPostprocessing = 0;
		};
/* End PBXSourcesBuildPhase section */

/* Begin XCBuildConfiguration section */
		2730C78A2C1F120B00F5D46B /* Debug */ = {
			isa = XCBuildConfiguration;
			buildSettings = {
				ALWAYS_SEARCH_USER_PATHS = NO;
				ASSETCATALOG_COMPILER_GENERATE_SWIFT_ASSET_SYMBOL_EXTENSIONS = YES;
				CLANG_ANALYZER_NONNULL = YES;
				CLANG_ANALYZER_NUMBER_OBJECT_CONVERSION = YES_AGGRESSIVE;
				CLANG_CXX_LANGUAGE_STANDARD = "gnu++20";
				CLANG_ENABLE_MODULES = YES;
				CLANG_ENABLE_OBJC_ARC = YES;
				CLANG_ENABLE_OBJC_WEAK = YES;
				CLANG_WARN_BLOCK_CAPTURE_AUTORELEASING = YES;
				CLANG_WARN_BOOL_CONVERSION = YES;
				CLANG_WARN_COMMA = YES;
				CLANG_WARN_CONSTANT_CONVERSION = YES;
				CLANG_WARN_DEPRECATED_OBJC_IMPLEMENTATIONS = YES;
				CLANG_WARN_DIRECT_OBJC_ISA_USAGE = YES_ERROR;
				CLANG_WARN_DOCUMENTATION_COMMENTS = YES;
				CLANG_WARN_EMPTY_BODY = YES;
				CLANG_WARN_ENUM_CONVERSION = YES;
				CLANG_WARN_INFINITE_RECURSION = YES;
				CLANG_WARN_INT_CONVERSION = YES;
				CLANG_WARN_NON_LITERAL_NULL_CONVERSION = YES;
				CLANG_WARN_OBJC_IMPLICIT_RETAIN_SELF = YES;
				CLANG_WARN_OBJC_LITERAL_CONVERSION = YES;
				CLANG_WARN_OBJC_ROOT_CLASS = YES_ERROR;
				CLANG_WARN_QUOTED_INCLUDE_IN_FRAMEWORK_HEADER = YES;
				CLANG_WARN_RANGE_LOOP_ANALYSIS = YES;
				CLANG_WARN_STRICT_PROTOTYPES = YES;
				CLANG_WARN_SUSPICIOUS_MOVE = YES;
				CLANG_WARN_UNGUARDED_AVAILABILITY = YES_AGGRESSIVE;
				CLANG_WARN_UNREACHABLE_CODE = YES;
				CLANG_WARN__DUPLICATE_METHOD_MATCH = YES;
				COPY_PHASE_STRIP = NO;
				DEAD_CODE_STRIPPING = YES;
				DEBUG_INFORMATION_FORMAT = dwarf;
				ENABLE_STRICT_OBJC_MSGSEND = YES;
				ENABLE_TESTABILITY = YES;
				ENABLE_USER_SCRIPT_SANDBOXING = YES;
				GCC_C_LANGUAGE_STANDARD = gnu17;
				GCC_DYNAMIC_NO_PIC = NO;
				GCC_NO_COMMON_BLOCKS = YES;
				GCC_OPTIMIZATION_LEVEL = 0;
				GCC_PREPROCESSOR_DEFINITIONS = (
					"DEBUG=1",
					"$(inherited)",
				);
				GCC_WARN_64_TO_32_BIT_CONVERSION = YES;
				GCC_WARN_ABOUT_RETURN_TYPE = YES_ERROR;
				GCC_WARN_UNDECLARED_SELECTOR = YES;
				GCC_WARN_UNINITIALIZED_AUTOS = YES_AGGRESSIVE;
				GCC_WARN_UNUSED_FUNCTION = YES;
				GCC_WARN_UNUSED_VARIABLE = YES;
				LOCALIZATION_PREFERS_STRING_CATALOGS = YES;
				MACOSX_DEPLOYMENT_TARGET = 14.0;
				MTL_ENABLE_DEBUG_INFO = INCLUDE_SOURCE;
				MTL_FAST_MATH = YES;
				ONLY_ACTIVE_ARCH = YES;
				SDKROOT = macosx;
			};
			name = Debug;
		};
		2730C78B2C1F120B00F5D46B /* Release */ = {
			isa = XCBuildConfiguration;
			buildSettings = {
				ALWAYS_SEARCH_USER_PATHS = NO;
				ASSETCATALOG_COMPILER_GENERATE_SWIFT_ASSET_SYMBOL_EXTENSIONS = YES;
				CLANG_ANALYZER_NONNULL = YES;
				CLANG_ANALYZER_NUMBER_OBJECT_CONVERSION = YES_AGGRESSIVE;
				CLANG_CXX_LANGUAGE_STANDARD = "gnu++20";
				CLANG_ENABLE_MODULES = YES;
				CLANG_ENABLE_OBJC_ARC = YES;
				CLANG_ENABLE_OBJC_WEAK = YES;
				CLANG_WARN_BLOCK_CAPTURE_AUTORELEASING = YES;
				CLANG_WARN_BOOL_CONVERSION = YES;
				CLANG_WARN_COMMA = YES;
				CLANG_WARN_CONSTANT_CONVERSION = YES;
				CLANG_WARN_DEPRECATED_OBJC_IMPLEMENTATIONS = YES;
				CLANG_WARN_DIRECT_OBJC_ISA_USAGE = YES_ERROR;
				CLANG_WARN_DOCUMENTATION_COMMENTS = YES;
				CLANG_WARN_EMPTY_BODY = YES;
				CLANG_WARN_ENUM_CONVERSION = YES;
				CLANG_WARN_INFINITE_RECURSION = YES;
				CLANG_WARN_INT_CONVERSION = YES;
				CLANG_WARN_NON_LITERAL_NULL_CONVERSION = YES;
				CLANG_WARN_OBJC_IMPLICIT_RETAIN_SELF = YES;
				CLANG_WARN_OBJC_LITERAL_CONVERSION = YES;
				CLANG_WARN_OBJC_ROOT_CLASS = YES_ERROR;
				CLANG_WARN_QUOTED_INCLUDE_IN_FRAMEWORK_HEADER = YES;
				CLANG_WARN_RANGE_LOOP_ANALYSIS = YES;
				CLANG_WARN_STRICT_PROTOTYPES = YES;
				CLANG_WARN_SUSPICIOUS_MOVE = YES;
				CLANG_WARN_UNGUARDED_AVAILABILITY = YES_AGGRESSIVE;
				CLANG_WARN_UNREACHABLE_CODE = YES;
				CLANG_WARN__DUPLICATE_METHOD_MATCH = YES;
				COPY_PHASE_STRIP = NO;
				DEAD_CODE_STRIPPING = YES;
				DEBUG_INFORMATION_FORMAT = "dwarf-with-dsym";
				ENABLE_NS_ASSERTIONS = NO;
				ENABLE_STRICT_OBJC_MSGSEND = YES;
				ENABLE_USER_SCRIPT_SANDBOXING = YES;
				GCC_C_LANGUAGE_STANDARD = gnu17;
				GCC_NO_COMMON_BLOCKS = YES;
				GCC_WARN_64_TO_32_BIT_CONVERSION = YES;
				GCC_WARN_ABOUT_RETURN_TYPE = YES_ERROR;
				GCC_WARN_UNDECLARED_SELECTOR = YES;
				GCC_WARN_UNINITIALIZED_AUTOS = YES_AGGRESSIVE;
				GCC_WARN_UNUSED_FUNCTION = YES;
				GCC_WARN_UNUSED_VARIABLE = YES;
				LOCALIZATION_PREFERS_STRING_CATALOGS = YES;
				MACOSX_DEPLOYMENT_TARGET = 14.0;
				MTL_ENABLE_DEBUG_INFO = NO;
				MTL_FAST_MATH = YES;
				SDKROOT = macosx;
			};
			name = Release;
		};
		2730C78D2C1F120B00F5D46B /* Debug */ = {
			isa = XCBuildConfiguration;
			buildSettings = {
				CODE_SIGN_ENTITLEMENTS = eligibilityd/eligibilityd.entitlements;
				CODE_SIGN_STYLE = Automatic;
				DEAD_CODE_STRIPPING = YES;
				ENABLE_HARDENED_RUNTIME = YES;
				LIBRARY_SEARCH_PATHS = (
					"$(inherited)",
					"$(SDKROOT)/usr/lib/system",
				);
				MACOSX_DEPLOYMENT_TARGET = 14.0;
				OTHER_CODE_SIGN_FLAGS = "-i com.apple.eligibilityd";
				PRODUCT_BUNDLE_IDENTIFIER = com.apple.eligibilityd;
				PRODUCT_NAME = "$(TARGET_NAME)";
			};
			name = Debug;
		};
		2730C78E2C1F120B00F5D46B /* Release */ = {
			isa = XCBuildConfiguration;
			buildSettings = {
				CODE_SIGN_ENTITLEMENTS = eligibilityd/eligibilityd.entitlements;
				CODE_SIGN_STYLE = Automatic;
				DEAD_CODE_STRIPPING = YES;
				ENABLE_HARDENED_RUNTIME = YES;
				LIBRARY_SEARCH_PATHS = (
					"$(inherited)",
					"$(SDKROOT)/usr/lib/system",
				);
				MACOSX_DEPLOYMENT_TARGET = 14.0;
				OTHER_CODE_SIGN_FLAGS = "-i com.apple.eligibilityd";
				PRODUCT_BUNDLE_IDENTIFIER = com.apple.eligibilityd;
				PRODUCT_NAME = "$(TARGET_NAME)";
			};
			name = Release;
		};
		276F6D342C34537E00748E4D /* Debug */ = {
			isa = XCBuildConfiguration;
			buildSettings = {
				CODE_SIGN_STYLE = Automatic;
				DEVELOPMENT_TEAM = VB7MJ8R223;
				DYLIB_COMPATIBILITY_VERSION = 1;
				DYLIB_CURRENT_VERSION = 1;
				EXECUTABLE_PREFIX = lib;
				MACOSX_DEPLOYMENT_TARGET = 14.0;
				PRODUCT_NAME = "$(TARGET_NAME)";
				SKIP_INSTALL = YES;
			};
			name = Debug;
		};
		276F6D352C34537E00748E4D /* Release */ = {
			isa = XCBuildConfiguration;
			buildSettings = {
				CODE_SIGN_STYLE = Automatic;
				DEVELOPMENT_TEAM = VB7MJ8R223;
				DYLIB_COMPATIBILITY_VERSION = 1;
				DYLIB_CURRENT_VERSION = 1;
				EXECUTABLE_PREFIX = lib;
				MACOSX_DEPLOYMENT_TARGET = 14.0;
				PRODUCT_NAME = "$(TARGET_NAME)";
				SKIP_INSTALL = YES;
			};
			name = Release;
		};
/* End XCBuildConfiguration section */

/* Begin XCConfigurationList section */
		2730C7802C1F120B00F5D46B /* Build configuration list for PBXProject "eligibility" */ = {
			isa = XCConfigurationList;
			buildConfigurations = (
				2730C78A2C1F120B00F5D46B /* Debug */,
				2730C78B2C1F120B00F5D46B /* Release */,
			);
			defaultConfigurationIsVisible = 0;
			defaultConfigurationName = Release;
		};
		2730C78C2C1F120B00F5D46B /* Build configuration list for PBXNativeTarget "eligibilityd" */ = {
			isa = XCConfigurationList;
			buildConfigurations = (
				2730C78D2C1F120B00F5D46B /* Debug */,
				2730C78E2C1F120B00F5D46B /* Release */,
			);
			defaultConfigurationIsVisible = 0;
			defaultConfigurationName = Release;
		};
		276F6D332C34537E00748E4D /* Build configuration list for PBXNativeTarget "system_eligibility" */ = {
			isa = XCConfigurationList;
			buildConfigurations = (
				276F6D342C34537E00748E4D /* Debug */,
				276F6D352C34537E00748E4D /* Release */,
			);
			defaultConfigurationIsVisible = 0;
			defaultConfigurationName = Release;
		};
/* End XCConfigurationList section */
	};
	rootObject = 2730C77D2C1F120B00F5D46B /* Project object */;
}
